
Microsoft Visual Studio Solution File, Format Version 12.00
# Visual Studio Version 16
VisualStudioVersion = 16.0.30204.135
MinimumVisualStudioVersion = 10.0.40219.1
Project("{FAE04EC0-301F-11D3-BF4B-00C04F79EFBC}") = "GUI_Winform", "GUI_Winform\GUI_Winform.csproj", "{807DF06B-5B9D-4E50-B962-1449E042DD86}"
EndProject
Project("{FAE04EC0-301F-11D3-BF4B-00C04F79EFBC}") = "DataAccess", "DataAccess\DataAccess.csproj", "{475C41BD-EE25-4BFA-8247-87459C77B654}"
EndProject
Project("{FAE04EC0-301F-11D3-BF4B-00C04F79EFBC}") = "DAL", "DAL\DAL.csproj", "{D9BC18ED-0432-4EF5-9C50-541666047035}"
EndProject
Project("{FAE04EC0-301F-11D3-BF4B-00C04F79EFBC}") = "Entities", "Entities\Entities.csproj", "{E5A1063E-0F55-4C3D-9B41-74A9B67CEE9C}"
EndProject
Project("{FAE04EC0-301F-11D3-BF4B-00C04F79EFBC}") = "BLL", "BLL\BLL.csproj", "{E2539C29-E51A-48F2-93C5-044EC1CD6D4A}"
EndProject
Global
	GlobalSection(SolutionConfigurationPlatforms) = preSolution
		Debug|Any CPU = Debug|Any CPU
		Release|Any CPU = Release|Any CPU
	EndGlobalSection
	GlobalSection(ProjectConfigurationPlatforms) = postSolution
		{807DF06B-5B9D-4E50-B962-1449E042DD86}.Debug|Any CPU.ActiveCfg = Debug|Any CPU
		{807DF06B-5B9D-4E50-B962-1449E042DD86}.Debug|Any CPU.Build.0 = Debug|Any CPU
		{807DF06B-5B9D-4E50-B962-1449E042DD86}.Release|Any CPU.ActiveCfg = Release|Any CPU
		{807DF06B-5B9D-4E50-B962-1449E042DD86}.Release|Any CPU.Build.0 = Release|Any CPU
		{475C41BD-EE25-4BFA-8247-87459C77B654}.Debug|Any CPU.ActiveCfg = Debug|Any CPU
		{475C41BD-EE25-4BFA-8247-87459C77B654}.Debug|Any CPU.Build.0 = Debug|Any CPU
		{475C41BD-EE25-4BFA-8247-87459C77B654}.Release|Any CPU.ActiveCfg = Release|Any CPU
		{475C41BD-EE25-4BFA-8247-87459C77B654}.Release|Any CPU.Build.0 = Release|Any CPU
		{D9BC18ED-0432-4EF5-9C50-541666047035}.Debug|Any CPU.ActiveCfg = Debug|Any CPU
		{D9BC18ED-0432-4EF5-9C50-541666047035}.Debug|Any CPU.Build.0 = Debug|Any CPU
		{D9BC18ED-0432-4EF5-9C50-541666047035}.Release|Any CPU.ActiveCfg = Release|Any CPU
		{D9BC18ED-0432-4EF5-9C50-541666047035}.Release|Any CPU.Build.0 = Release|Any CPU
		{E5A1063E-0F55-4C3D-9B41-74A9B67CEE9C}.Debug|Any CPU.ActiveCfg = Debug|Any CPU
		{E5A1063E-0F55-4C3D-9B41-74A9B67CEE9C}.Debug|Any CPU.Build.0 = Debug|Any CPU
		{E5A1063E-0F55-4C3D-9B41-74A9B67CEE9C}.Release|Any CPU.ActiveCfg = Release|Any CPU
		{E5A1063E-0F55-4C3D-9B41-74A9B67CEE9C}.Release|Any CPU.Build.0 = Release|Any CPU
		{E2539C29-E51A-48F2-93C5-044EC1CD6D4A}.Debug|Any CPU.ActiveCfg = Debug|Any CPU
		{E2539C29-E51A-48F2-93C5-044EC1CD6D4A}.Debug|Any CPU.Build.0 = Debug|Any CPU
		{E2539C29-E51A-48F2-93C5-044EC1CD6D4A}.Release|Any CPU.ActiveCfg = Release|Any CPU
		{E2539C29-E51A-48F2-93C5-044EC1CD6D4A}.Release|Any CPU.Build.0 = Release|Any CPU
	EndGlobalSection
	GlobalSection(SolutionProperties) = preSolution
		HideSolutionNode = FALSE
	EndGlobalSection
	GlobalSection(ExtensibilityGlobals) = postSolution
		SolutionGuid = {62317901-3DD0-4C2D-9BCB-7914DBC174DE}
	EndGlobalSection
EndGlobal
