
Microsoft Visual Studio Solution File, Format Version 12.00
# Visual Studio Version 16
VisualStudioVersion = 16.0.30114.105
MinimumVisualStudioVersion = 10.0.40219.1
Project("{FAE04EC0-301F-11D3-BF4B-00C04F79EFBC}") = "WFGUI", "WFGUI\WFGUI.csproj", "{A302806D-2F57-4F3F-88EC-E69F854A0E60}"
EndProject
Project("{FAE04EC0-301F-11D3-BF4B-00C04F79EFBC}") = "Entities", "Entities\Entities.csproj", "{0473021F-74BB-4C00-80CA-1C7700DABA10}"
EndProject
Project("{FAE04EC0-301F-11D3-BF4B-00C04F79EFBC}") = "DAL", "DAL\DAL.csproj", "{5F2581CB-EAE0-4900-8EE1-49035708E732}"
EndProject
Project("{FAE04EC0-301F-11D3-BF4B-00C04F79EFBC}") = "BLL", "BLL\BLL.csproj", "{022D1C0F-83FD-4712-9E3F-BBC4A540A59E}"
EndProject
Global
	GlobalSection(SolutionConfigurationPlatforms) = preSolution
		Debug|Any CPU = Debug|Any CPU
		Release|Any CPU = Release|Any CPU
	EndGlobalSection
	GlobalSection(ProjectConfigurationPlatforms) = postSolution
		{A302806D-2F57-4F3F-88EC-E69F854A0E60}.Debug|Any CPU.ActiveCfg = Debug|Any CPU
		{A302806D-2F57-4F3F-88EC-E69F854A0E60}.Debug|Any CPU.Build.0 = Debug|Any CPU
		{A302806D-2F57-4F3F-88EC-E69F854A0E60}.Release|Any CPU.ActiveCfg = Release|Any CPU
		{A302806D-2F57-4F3F-88EC-E69F854A0E60}.Release|Any CPU.Build.0 = Release|Any CPU
		{0473021F-74BB-4C00-80CA-1C7700DABA10}.Debug|Any CPU.ActiveCfg = Debug|Any CPU
		{0473021F-74BB-4C00-80CA-1C7700DABA10}.Debug|Any CPU.Build.0 = Debug|Any CPU
		{0473021F-74BB-4C00-80CA-1C7700DABA10}.Release|Any CPU.ActiveCfg = Release|Any CPU
		{0473021F-74BB-4C00-80CA-1C7700DABA10}.Release|Any CPU.Build.0 = Release|Any CPU
		{5F2581CB-EAE0-4900-8EE1-49035708E732}.Debug|Any CPU.ActiveCfg = Debug|Any CPU
		{5F2581CB-EAE0-4900-8EE1-49035708E732}.Debug|Any CPU.Build.0 = Debug|Any CPU
		{5F2581CB-EAE0-4900-8EE1-49035708E732}.Release|Any CPU.ActiveCfg = Release|Any CPU
		{5F2581CB-EAE0-4900-8EE1-49035708E732}.Release|Any CPU.Build.0 = Release|Any CPU
		{022D1C0F-83FD-4712-9E3F-BBC4A540A59E}.Debug|Any CPU.ActiveCfg = Debug|Any CPU
		{022D1C0F-83FD-4712-9E3F-BBC4A540A59E}.Debug|Any CPU.Build.0 = Debug|Any CPU
		{022D1C0F-83FD-4712-9E3F-BBC4A540A59E}.Release|Any CPU.ActiveCfg = Release|Any CPU
		{022D1C0F-83FD-4712-9E3F-BBC4A540A59E}.Release|Any CPU.Build.0 = Release|Any CPU
	EndGlobalSection
	GlobalSection(SolutionProperties) = preSolution
		HideSolutionNode = FALSE
	EndGlobalSection
	GlobalSection(ExtensibilityGlobals) = postSolution
		SolutionGuid = {817221F6-04A6-4226-B580-5DB1C3996656}
	EndGlobalSection
EndGlobal
